schema-version = 1

[sdk]
name = "bottlerocket-sdk"
version = "0.46.0"
vendor = "bottlerocket"
source = "public.ecr.aws/bottlerocket/bottlerocket-sdk:v0.46.0"
digest = "V2lUX6Rs9rZLg8POxV7P785Mr5nallfyxor0Scrvh3Y="

[[kit]]
name = "bottlerocket-core-kit"
version = "3.1.1"
vendor = "agarrcia"
source = "public.ecr.aws/bottlerocket-agarrcia/bottlerocket-core-kit:v3.1.1"
digest = "X0s8SxdWrE1+2BspbwoMUtdlVLG754qfEkXp05HBXLQ="
